
Microsoft Visual Studio Solution File, Format Version 12.00
# Visual Studio Version 17
VisualStudioVersion = 17.11.35208.52
MinimumVisualStudioVersion = 10.0.40219.1
Project("{FAE04EC0-301F-11D3-BF4B-00C04F79EFBC}") = "PvZHelper", "PvZHelper\PvZHelper.csproj", "{78AD4DF3-8467-4C57-A848-EFD93F20CECD}"
EndProject
Global
	GlobalSection(SolutionConfigurationPlatforms) = preSolution
		Debug|Any CPU = Debug|Any CPU
		Release|Any CPU = Release|Any CPU
	EndGlobalSection
	GlobalSection(ProjectConfigurationPlatforms) = postSolution
		{78AD4DF3-8467-4C57-A848-EFD93F20CECD}.Debug|Any CPU.ActiveCfg = Debug|Any CPU
		{78AD4DF3-8467-4C57-A848-EFD93F20CECD}.Debug|Any CPU.Build.0 = Debug|Any CPU
		{78AD4DF3-8467-4C57-A848-EFD93F20CECD}.Release|Any CPU.ActiveCfg = Release|Any CPU
		{78AD4DF3-8467-4C57-A848-EFD93F20CECD}.Release|Any CPU.Build.0 = Release|Any CPU
	EndGlobalSection
	GlobalSection(SolutionProperties) = preSolution
		HideSolutionNode = FALSE
	EndGlobalSection
	GlobalSection(ExtensibilityGlobals) = postSolution
		SolutionGuid = {86799638-3C23-40EF-8EAD-8E71105A1B18}
	EndGlobalSection
EndGlobal
